// !$*UTF8*$!
{
	archiveVersion = 1;
	classes = {
	};
	objectVersion = 46;
	objects = {

/* Begin PBXBuildFile section */
		5145ADB61ED680F400F65FD8 /* LaunchScreen.storyboard in Resources */ = {isa = PBXBuildFile; fileRef = 5145ADB41ED680F400F65FD8 /* LaunchScreen.storyboard */; };
		514A0AE71ED580A6000A63F8 /* AppDelegate.m in Sources */ = {isa = PBXBuildFile; fileRef = 514A0ADB1ED580A6000A63F8 /* AppDelegate.m */; };
		514A0AE81ED580A6000A63F8 /* Assets.xcassets in Resources */ = {isa = PBXBuildFile; fileRef = 514A0ADC1ED580A6000A63F8 /* Assets.xcassets */; };
		514A0AEB1ED580A6000A63F8 /* Info.plist in Resources */ = {isa = PBXBuildFile; fileRef = 514A0AE11ED580A6000A63F8 /* Info.plist */; };
		514A0AEC1ED580A6000A63F8 /* KLMLoginInterceptor.m in Sources */ = {isa = PBXBuildFile; fileRef = 514A0AE31ED580A6000A63F8 /* KLMLoginInterceptor.m */; };
		514A0AED1ED580A6000A63F8 /* main.m in Sources */ = {isa = PBXBuildFile; fileRef = 514A0AE41ED580A6000A63F8 /* main.m */; };
		514A0AEE1ED580A6000A63F8 /* KLMHomeViewController.m in Sources */ = {isa = PBXBuildFile; fileRef = 514A0AE61ED580A6000A63F8 /* KLMHomeViewController.m */; };
		514A0AFE1ED580B9000A63F8 /* KLMInjection.m in Sources */ = {isa = PBXBuildFile; fileRef = 514A0AF31ED580B9000A63F8 /* KLMInjection.m */; };
		514A0AFF1ED580B9000A63F8 /* KLMPostcard.m in Sources */ = {isa = PBXBuildFile; fileRef = 514A0AF71ED580B9000A63F8 /* KLMPostcard.m */; };
		514A0B001ED580B9000A63F8 /* KLMRouter.m in Sources */ = {isa = PBXBuildFile; fileRef = 514A0AFA1ED580B9000A63F8 /* KLMRouter.m */; };
		514A0B011ED580B9000A63F8 /* KLMRouterRegister.m in Sources */ = {isa = PBXBuildFile; fileRef = 514A0AFC1ED580B9000A63F8 /* KLMRouterRegister.m */; };
		514A0B041ED5ACA2000A63F8 /* KLMMainViewController.m in Sources */ = {isa = PBXBuildFile; fileRef = 514A0B031ED5ACA2000A63F8 /* KLMMainViewController.m */; };
		514A0B071ED5AD01000A63F8 /* KLMMyViewController.m in Sources */ = {isa = PBXBuildFile; fileRef = 514A0B061ED5AD01000A63F8 /* KLMMyViewController.m */; };
		514A0B0A1ED5AD36000A63F8 /* KLMDetailViewController.m in Sources */ = {isa = PBXBuildFile; fileRef = 514A0B091ED5AD36000A63F8 /* KLMDetailViewController.m */; };
		514A0B0D1ED5AD45000A63F8 /* KLMLoginViewController.m in Sources */ = {isa = PBXBuildFile; fileRef = 514A0B0C1ED5AD45000A63F8 /* KLMLoginViewController.m */; };
		514A0B101ED5AF14000A63F8 /* KLMBaseViewController.m in Sources */ = {isa = PBXBuildFile; fileRef = 514A0B0F1ED5AF14000A63F8 /* KLMBaseViewController.m */; };
		515182E41F4BE753002DA9CE /* KLMRegistedInfo.m in Sources */ = {isa = PBXBuildFile; fileRef = 515182E31F4BE753002DA9CE /* KLMRegistedInfo.m */; };
/* End PBXBuildFile section */

/* Begin PBXFileReference section */
		5145ADB51ED680F400F65FD8 /* Base */ = {isa = PBXFileReference; lastKnownFileType = file.storyboard; name = Base; path = Base.lproj/LaunchScreen.storyboard; sourceTree = "<group>"; };
		514A0A8B1ED4311F000A63F8 /* KLMRouter.app */ = {isa = PBXFileReference; explicitFileType = wrapper.application; includeInIndex = 0; path = KLMRouter.app; sourceTree = BUILT_PRODUCTS_DIR; };
		514A0ADA1ED580A6000A63F8 /* AppDelegate.h */ = {isa = PBXFileReference; fileEncoding = 4; lastKnownFileType = sourcecode.c.h; path = AppDelegate.h; sourceTree = "<group>"; };
		514A0ADB1ED580A6000A63F8 /* AppDelegate.m */ = {isa = PBXFileReference; fileEncoding = 4; lastKnownFileType = sourcecode.c.objc; path = AppDelegate.m; sourceTree = "<group>"; };
		514A0ADC1ED580A6000A63F8 /* Assets.xcassets */ = {isa = PBXFileReference; lastKnownFileType = folder.assetcatalog; path = Assets.xcassets; sourceTree = "<group>"; };
		514A0AE11ED580A6000A63F8 /* Info.plist */ = {isa = PBXFileReference; fileEncoding = 4; lastKnownFileType = text.plist.xml; path = Info.plist; sourceTree = "<group>"; };
		514A0AE21ED580A6000A63F8 /* KLMLoginInterceptor.h */ = {isa = PBXFileReference; fileEncoding = 4; lastKnownFileType = sourcecode.c.h; path = KLMLoginInterceptor.h; sourceTree = "<group>"; };
		514A0AE31ED580A6000A63F8 /* KLMLoginInterceptor.m */ = {isa = PBXFileReference; fileEncoding = 4; lastKnownFileType = sourcecode.c.objc; path = KLMLoginInterceptor.m; sourceTree = "<group>"; };
		514A0AE41ED580A6000A63F8 /* main.m */ = {isa = PBXFileReference; fileEncoding = 4; lastKnownFileType = sourcecode.c.objc; path = main.m; sourceTree = "<group>"; };
		514A0AE51ED580A6000A63F8 /* KLMHomeViewController.h */ = {isa = PBXFileReference; fileEncoding = 4; lastKnownFileType = sourcecode.c.h; path = KLMHomeViewController.h; sourceTree = "<group>"; };
		514A0AE61ED580A6000A63F8 /* KLMHomeViewController.m */ = {isa = PBXFileReference; fileEncoding = 4; lastKnownFileType = sourcecode.c.objc; path = KLMHomeViewController.m; sourceTree = "<group>"; };
		514A0AF21ED580B9000A63F8 /* KLMInjection.h */ = {isa = PBXFileReference; fileEncoding = 4; lastKnownFileType = sourcecode.c.h; path = KLMInjection.h; sourceTree = "<group>"; };
		514A0AF31ED580B9000A63F8 /* KLMInjection.m */ = {isa = PBXFileReference; fileEncoding = 4; lastKnownFileType = sourcecode.c.objc; path = KLMInjection.m; sourceTree = "<group>"; };
		514A0AF41ED580B9000A63F8 /* KLMInterceptor.h */ = {isa = PBXFileReference; fileEncoding = 4; lastKnownFileType = sourcecode.c.h; path = KLMInterceptor.h; sourceTree = "<group>"; };
		514A0AF61ED580B9000A63F8 /* KLMPostcard.h */ = {isa = PBXFileReference; fileEncoding = 4; lastKnownFileType = sourcecode.c.h; path = KLMPostcard.h; sourceTree = "<group>"; };
		514A0AF71ED580B9000A63F8 /* KLMPostcard.m */ = {isa = PBXFileReference; fileEncoding = 4; lastKnownFileType = sourcecode.c.objc; path = KLMPostcard.m; sourceTree = "<group>"; };
		514A0AF81ED580B9000A63F8 /* KLMProvider.h */ = {isa = PBXFileReference; fileEncoding = 4; lastKnownFileType = sourcecode.c.h; path = KLMProvider.h; sourceTree = "<group>"; };
		514A0AF91ED580B9000A63F8 /* KLMRouter.h */ = {isa = PBXFileReference; fileEncoding = 4; lastKnownFileType = sourcecode.c.h; path = KLMRouter.h; sourceTree = "<group>"; };
		514A0AFA1ED580B9000A63F8 /* KLMRouter.m */ = {isa = PBXFileReference; fileEncoding = 4; lastKnownFileType = sourcecode.c.objc; path = KLMRouter.m; sourceTree = "<group>"; };
		514A0AFB1ED580B9000A63F8 /* KLMRouterRegister.h */ = {isa = PBXFileReference; fileEncoding = 4; lastKnownFileType = sourcecode.c.h; path = KLMRouterRegister.h; sourceTree = "<group>"; };
		514A0AFC1ED580B9000A63F8 /* KLMRouterRegister.m */ = {isa = PBXFileReference; fileEncoding = 4; lastKnownFileType = sourcecode.c.objc; path = KLMRouterRegister.m; sourceTree = "<group>"; };
		514A0B021ED5ACA2000A63F8 /* KLMMainViewController.h */ = {isa = PBXFileReference; fileEncoding = 4; lastKnownFileType = sourcecode.c.h; path = KLMMainViewController.h; sourceTree = "<group>"; };
		514A0B031ED5ACA2000A63F8 /* KLMMainViewController.m */ = {isa = PBXFileReference; fileEncoding = 4; lastKnownFileType = sourcecode.c.objc; path = KLMMainViewController.m; sourceTree = "<group>"; };
		514A0B051ED5AD01000A63F8 /* KLMMyViewController.h */ = {isa = PBXFileReference; fileEncoding = 4; lastKnownFileType = sourcecode.c.h; path = KLMMyViewController.h; sourceTree = "<group>"; };
		514A0B061ED5AD01000A63F8 /* KLMMyViewController.m */ = {isa = PBXFileReference; fileEncoding = 4; lastKnownFileType = sourcecode.c.objc; path = KLMMyViewController.m; sourceTree = "<group>"; };
		514A0B081ED5AD36000A63F8 /* KLMDetailViewController.h */ = {isa = PBXFileReference; fileEncoding = 4; lastKnownFileType = sourcecode.c.h; path = KLMDetailViewController.h; sourceTree = "<group>"; };
		514A0B091ED5AD36000A63F8 /* KLMDetailViewController.m */ = {isa = PBXFileReference; fileEncoding = 4; lastKnownFileType = sourcecode.c.objc; path = KLMDetailViewController.m; sourceTree = "<group>"; };
		514A0B0B1ED5AD45000A63F8 /* KLMLoginViewController.h */ = {isa = PBXFileReference; fileEncoding = 4; lastKnownFileType = sourcecode.c.h; path = KLMLoginViewController.h; sourceTree = "<group>"; };
		514A0B0C1ED5AD45000A63F8 /* KLMLoginViewController.m */ = {isa = PBXFileReference; fileEncoding = 4; lastKnownFileType = sourcecode.c.objc; path = KLMLoginViewController.m; sourceTree = "<group>"; };
		514A0B0E1ED5AF14000A63F8 /* KLMBaseViewController.h */ = {isa = PBXFileReference; fileEncoding = 4; lastKnownFileType = sourcecode.c.h; path = KLMBaseViewController.h; sourceTree = "<group>"; };
		514A0B0F1ED5AF14000A63F8 /* KLMBaseViewController.m */ = {isa = PBXFileReference; fileEncoding = 4; lastKnownFileType = sourcecode.c.objc; path = KLMBaseViewController.m; sourceTree = "<group>"; };
		515182E21F4BE753002DA9CE /* KLMRegistedInfo.h */ = {isa = PBXFileReference; fileEncoding = 4; lastKnownFileType = sourcecode.c.h; path = KLMRegistedInfo.h; sourceTree = "<group>"; };
		515182E31F4BE753002DA9CE /* KLMRegistedInfo.m */ = {isa = PBXFileReference; fileEncoding = 4; lastKnownFileType = sourcecode.c.objc; path = KLMRegistedInfo.m; sourceTree = "<group>"; };
/* End PBXFileReference section */

/* Begin PBXFrameworksBuildPhase section */
		514A0A881ED4311F000A63F8 /* Frameworks */ = {
			isa = PBXFrameworksBuildPhase;
			buildActionMask = 2147483647;
			files = (
			);
			runOnlyForDeploymentPostprocessing = 0;
		};
/* End PBXFrameworksBuildPhase section */

/* Begin PBXGroup section */
		514A0A821ED4311F000A63F8 = {
			isa = PBXGroup;
			children = (
				514A0AEF1ED580B9000A63F8 /* KLMRouter */,
				514A0AD91ED580A6000A63F8 /* KLMRouterDemo */,
				514A0A8C1ED4311F000A63F8 /* Products */,
			);
			sourceTree = "<group>";
		};
		514A0A8C1ED4311F000A63F8 /* Products */ = {
			isa = PBXGroup;
			children = (
				514A0A8B1ED4311F000A63F8 /* KLMRouter.app */,
			);
			name = Products;
			sourceTree = "<group>";
		};
		514A0AD91ED580A6000A63F8 /* KLMRouterDemo */ = {
			isa = PBXGroup;
			children = (
				514A0ADA1ED580A6000A63F8 /* AppDelegate.h */,
				514A0ADB1ED580A6000A63F8 /* AppDelegate.m */,
				514A0ADC1ED580A6000A63F8 /* Assets.xcassets */,
				5145ADB41ED680F400F65FD8 /* LaunchScreen.storyboard */,
				514A0AE11ED580A6000A63F8 /* Info.plist */,
				514A0AE21ED580A6000A63F8 /* KLMLoginInterceptor.h */,
				514A0AE31ED580A6000A63F8 /* KLMLoginInterceptor.m */,
				514A0B0E1ED5AF14000A63F8 /* KLMBaseViewController.h */,
				514A0B0F1ED5AF14000A63F8 /* KLMBaseViewController.m */,
				514A0B021ED5ACA2000A63F8 /* KLMMainViewController.h */,
				514A0B031ED5ACA2000A63F8 /* KLMMainViewController.m */,
				514A0B051ED5AD01000A63F8 /* KLMMyViewController.h */,
				514A0B061ED5AD01000A63F8 /* KLMMyViewController.m */,
				514A0AE51ED580A6000A63F8 /* KLMHomeViewController.h */,
				514A0AE61ED580A6000A63F8 /* KLMHomeViewController.m */,
				514A0B081ED5AD36000A63F8 /* KLMDetailViewController.h */,
				514A0B091ED5AD36000A63F8 /* KLMDetailViewController.m */,
				514A0B0B1ED5AD45000A63F8 /* KLMLoginViewController.h */,
				514A0B0C1ED5AD45000A63F8 /* KLMLoginViewController.m */,
				514A0AE41ED580A6000A63F8 /* main.m */,
			);
			path = KLMRouterDemo;
			sourceTree = "<group>";
		};
		514A0AEF1ED580B9000A63F8 /* KLMRouter */ = {
			isa = PBXGroup;
			children = (
				514A0AF21ED580B9000A63F8 /* KLMInjection.h */,
				514A0AF31ED580B9000A63F8 /* KLMInjection.m */,
				514A0AF41ED580B9000A63F8 /* KLMInterceptor.h */,
				514A0AF61ED580B9000A63F8 /* KLMPostcard.h */,
				514A0AF71ED580B9000A63F8 /* KLMPostcard.m */,
				514A0AF81ED580B9000A63F8 /* KLMProvider.h */,
				514A0AF91ED580B9000A63F8 /* KLMRouter.h */,
				514A0AFA1ED580B9000A63F8 /* KLMRouter.m */,
				514A0AFB1ED580B9000A63F8 /* KLMRouterRegister.h */,
				514A0AFC1ED580B9000A63F8 /* KLMRouterRegister.m */,
				515182E21F4BE753002DA9CE /* KLMRegistedInfo.h */,
				515182E31F4BE753002DA9CE /* KLMRegistedInfo.m */,
			);
			path = KLMRouter;
			sourceTree = "<group>";
		};
/* End PBXGroup section */

/* Begin PBXNativeTarget section */
		514A0A8A1ED4311F000A63F8 /* KLMRouter */ = {
			isa = PBXNativeTarget;
			buildConfigurationList = 514A0AA21ED4311F000A63F8 /* Build configuration list for PBXNativeTarget "KLMRouter" */;
			buildPhases = (
				514A0A871ED4311F000A63F8 /* Sources */,
				514A0A881ED4311F000A63F8 /* Frameworks */,
				514A0A891ED4311F000A63F8 /* Resources */,
			);
			buildRules = (
			);
			dependencies = (
			);
			name = KLMRouter;
			productName = KLMRouter;
			productReference = 514A0A8B1ED4311F000A63F8 /* KLMRouter.app */;
			productType = "com.apple.product-type.application";
		};
/* End PBXNativeTarget section */

/* Begin PBXProject section */
		514A0A831ED4311F000A63F8 /* Project object */ = {
			isa = PBXProject;
			attributes = {
				LastUpgradeCheck = 0830;
				ORGANIZATIONNAME = sjst.xgfe;
				TargetAttributes = {
					514A0A8A1ED4311F000A63F8 = {
						CreatedOnToolsVersion = 8.3.2;
						ProvisioningStyle = Automatic;
					};
				};
			};
			buildConfigurationList = 514A0A861ED4311F000A63F8 /* Build configuration list for PBXProject "KLMRouter" */;
			compatibilityVersion = "Xcode 3.2";
			developmentRegion = English;
			hasScannedForEncodings = 0;
			knownRegions = (
				en,
				Base,
			);
			mainGroup = 514A0A821ED4311F000A63F8;
			productRefGroup = 514A0A8C1ED4311F000A63F8 /* Products */;
			projectDirPath = "";
			projectRoot = "";
			targets = (
				514A0A8A1ED4311F000A63F8 /* KLMRouter */,
			);
		};
/* End PBXProject section */

/* Begin PBXResourcesBuildPhase section */
		514A0A891ED4311F000A63F8 /* Resources */ = {
			isa = PBXResourcesBuildPhase;
			buildActionMask = 2147483647;
			files = (
				5145ADB61ED680F400F65FD8 /* LaunchScreen.storyboard in Resources */,
				514A0AEB1ED580A6000A63F8 /* Info.plist in Resources */,
				514A0AE81ED580A6000A63F8 /* Assets.xcassets in Resources */,
			);
			runOnlyForDeploymentPostprocessing = 0;
		};
/* End PBXResourcesBuildPhase section */

/* Begin PBXSourcesBuildPhase section */
		514A0A871ED4311F000A63F8 /* Sources */ = {
			isa = PBXSourcesBuildPhase;
			buildActionMask = 2147483647;
			files = (
				514A0B071ED5AD01000A63F8 /* KLMMyViewController.m in Sources */,
				514A0AFF1ED580B9000A63F8 /* KLMPostcard.m in Sources */,
				514A0AEC1ED580A6000A63F8 /* KLMLoginInterceptor.m in Sources */,
				514A0AED1ED580A6000A63F8 /* main.m in Sources */,
				514A0B001ED580B9000A63F8 /* KLMRouter.m in Sources */,
				515182E41F4BE753002DA9CE /* KLMRegistedInfo.m in Sources */,
				514A0B041ED5ACA2000A63F8 /* KLMMainViewController.m in Sources */,
				514A0B101ED5AF14000A63F8 /* KLMBaseViewController.m in Sources */,
				514A0B0A1ED5AD36000A63F8 /* KLMDetailViewController.m in Sources */,
				514A0AFE1ED580B9000A63F8 /* KLMInjection.m in Sources */,
				514A0AEE1ED580A6000A63F8 /* KLMHomeViewController.m in Sources */,
				514A0B011ED580B9000A63F8 /* KLMRouterRegister.m in Sources */,
				514A0B0D1ED5AD45000A63F8 /* KLMLoginViewController.m in Sources */,
				514A0AE71ED580A6000A63F8 /* AppDelegate.m in Sources */,
			);
			runOnlyForDeploymentPostprocessing = 0;
		};
/* End PBXSourcesBuildPhase section */

/* Begin PBXVariantGroup section */
		5145ADB41ED680F400F65FD8 /* LaunchScreen.storyboard */ = {
			isa = PBXVariantGroup;
			children = (
				5145ADB51ED680F400F65FD8 /* Base */,
			);
			name = LaunchScreen.storyboard;
			sourceTree = "<group>";
		};
/* End PBXVariantGroup section */

/* Begin XCBuildConfiguration section */
		514A0AA01ED4311F000A63F8 /* Debug */ = {
			isa = XCBuildConfiguration;
			buildSettings = {
				ALWAYS_SEARCH_USER_PATHS = NO;
				CLANG_ANALYZER_NONNULL = YES;
				CLANG_ANALYZER_NUMBER_OBJECT_CONVERSION = YES_AGGRESSIVE;
				CLANG_CXX_LANGUAGE_STANDARD = "gnu++0x";
				CLANG_CXX_LIBRARY = "libc++";
				CLANG_ENABLE_MODULES = YES;
				CLANG_ENABLE_OBJC_ARC = YES;
				CLANG_WARN_BOOL_CONVERSION = YES;
				CLANG_WARN_CONSTANT_CONVERSION = YES;
				CLANG_WARN_DIRECT_OBJC_ISA_USAGE = YES_ERROR;
				CLANG_WARN_DOCUMENTATION_COMMENTS = YES;
				CLANG_WARN_EMPTY_BODY = YES;
				CLANG_WARN_ENUM_CONVERSION = YES;
				CLANG_WARN_INFINITE_RECURSION = YES;
				CLANG_WARN_INT_CONVERSION = YES;
				CLANG_WARN_OBJC_ROOT_CLASS = YES_ERROR;
				CLANG_WARN_SUSPICIOUS_MOVE = YES;
				CLANG_WARN_UNREACHABLE_CODE = YES;
				CLANG_WARN__DUPLICATE_METHOD_MATCH = YES;
				"CODE_SIGN_IDENTITY[sdk=iphoneos*]" = "iPhone Developer";
				COPY_PHASE_STRIP = NO;
				DEBUG_INFORMATION_FORMAT = dwarf;
				ENABLE_STRICT_OBJC_MSGSEND = YES;
				ENABLE_TESTABILITY = YES;
				GCC_C_LANGUAGE_STANDARD = gnu99;
				GCC_DYNAMIC_NO_PIC = NO;
				GCC_NO_COMMON_BLOCKS = YES;
				GCC_OPTIMIZATION_LEVEL = 0;
				GCC_PREPROCESSOR_DEFINITIONS = (
					"DEBUG=1",
					"$(inherited)",
				);
				GCC_WARN_64_TO_32_BIT_CONVERSION = YES;
				GCC_WARN_ABOUT_RETURN_TYPE = YES_ERROR;
				GCC_WARN_UNDECLARED_SELECTOR = YES;
				GCC_WARN_UNINITIALIZED_AUTOS = YES_AGGRESSIVE;
				GCC_WARN_UNUSED_FUNCTION = YES;
				GCC_WARN_UNUSED_VARIABLE = YES;
				INFOPLIST_FILE = "$(SRCROOT)/KLMRouter/KLMRouterDemo";
				IPHONEOS_DEPLOYMENT_TARGET = 11.0;
				MTL_ENABLE_DEBUG_INFO = YES;
				ONLY_ACTIVE_ARCH = YES;
				SDKROOT = iphoneos;
				TARGETED_DEVICE_FAMILY = "1,2";
			};
			name = Debug;
		};
		514A0AA11ED4311F000A63F8 /* Release */ = {
			isa = XCBuildConfiguration;
			buildSettings = {
				ALWAYS_SEARCH_USER_PATHS = NO;
				CLANG_ANALYZER_NONNULL = YES;
				CLANG_ANALYZER_NUMBER_OBJECT_CONVERSION = YES_AGGRESSIVE;
				CLANG_CXX_LANGUAGE_STANDARD = "gnu++0x";
				CLANG_CXX_LIBRARY = "libc++";
				CLANG_ENABLE_MODULES = YES;
				CLANG_ENABLE_OBJC_ARC = YES;
				CLANG_WARN_BOOL_CONVERSION = YES;
				CLANG_WARN_CONSTANT_CONVERSION = YES;
				CLANG_WARN_DIRECT_OBJC_ISA_USAGE = YES_ERROR;
				CLANG_WARN_DOCUMENTATION_COMMENTS = YES;
				CLANG_WARN_EMPTY_BODY = YES;
				CLANG_WARN_ENUM_CONVERSION = YES;
				CLANG_WARN_INFINITE_RECURSION = YES;
				CLANG_WARN_INT_CONVERSION = YES;
				CLANG_WARN_OBJC_ROOT_CLASS = YES_ERROR;
				CLANG_WARN_SUSPICIOUS_MOVE = YES;
				CLANG_WARN_UNREACHABLE_CODE = YES;
				CLANG_WARN__DUPLICATE_METHOD_MATCH = YES;
				"CODE_SIGN_IDENTITY[sdk=iphoneos*]" = "iPhone Developer";
				COPY_PHASE_STRIP = NO;
				DEBUG_INFORMATION_FORMAT = "dwarf-with-dsym";
				ENABLE_NS_ASSERTIONS = NO;
				ENABLE_STRICT_OBJC_MSGSEND = YES;
				GCC_C_LANGUAGE_STANDARD = gnu99;
				GCC_NO_COMMON_BLOCKS = YES;
				GCC_WARN_64_TO_32_BIT_CONVERSION = YES;
				GCC_WARN_ABOUT_RETURN_TYPE = YES_ERROR;
				GCC_WARN_UNDECLARED_SELECTOR = YES;
				GCC_WARN_UNINITIALIZED_AUTOS = YES_AGGRESSIVE;
				GCC_WARN_UNUSED_FUNCTION = YES;
				GCC_WARN_UNUSED_VARIABLE = YES;
				INFOPLIST_FILE = "$(SRCROOT)/KLMRouter/KLMRouterDemo";
				IPHONEOS_DEPLOYMENT_TARGET = 11.0;
				MTL_ENABLE_DEBUG_INFO = NO;
				SDKROOT = iphoneos;
				TARGETED_DEVICE_FAMILY = "1,2";
				VALIDATE_PRODUCT = YES;
			};
			name = Release;
		};
		514A0AA31ED4311F000A63F8 /* Debug */ = {
			isa = XCBuildConfiguration;
			buildSettings = {
				ASSETCATALOG_COMPILER_APPICON_NAME = AppIcon;
				INFOPLIST_FILE = KLMRouterDemo/Info.plist;
				IPHONEOS_DEPLOYMENT_TARGET = 8.0;
				LD_RUNPATH_SEARCH_PATHS = "$(inherited) @executable_path/Frameworks";
				PRODUCT_BUNDLE_IDENTIFIER = sjst.xgfe.KLMRouter;
				PRODUCT_NAME = "$(TARGET_NAME)";
			};
			name = Debug;
		};
		514A0AA41ED4311F000A63F8 /* Release */ = {
			isa = XCBuildConfiguration;
			buildSettings = {
				ASSETCATALOG_COMPILER_APPICON_NAME = AppIcon;
				INFOPLIST_FILE = KLMRouterDemo/Info.plist;
				IPHONEOS_DEPLOYMENT_TARGET = 8.0;
				LD_RUNPATH_SEARCH_PATHS = "$(inherited) @executable_path/Frameworks";
				PRODUCT_BUNDLE_IDENTIFIER = sjst.xgfe.KLMRouter;
				PRODUCT_NAME = "$(TARGET_NAME)";
			};
			name = Release;
		};
/* End XCBuildConfiguration section */

/* Begin XCConfigurationList section */
		514A0A861ED4311F000A63F8 /* Build configuration list for PBXProject "KLMRouter" */ = {
			isa = XCConfigurationList;
			buildConfigurations = (
				514A0AA01ED4311F000A63F8 /* Debug */,
				514A0AA11ED4311F000A63F8 /* Release */,
			);
			defaultConfigurationIsVisible = 0;
			defaultConfigurationName = Release;
		};
		514A0AA21ED4311F000A63F8 /* Build configuration list for PBXNativeTarget "KLMRouter" */ = {
			isa = XCConfigurationList;
			buildConfigurations = (
				514A0AA31ED4311F000A63F8 /* Debug */,
				514A0AA41ED4311F000A63F8 /* Release */,
			);
			defaultConfigurationIsVisible = 0;
			defaultConfigurationName = Release;
		};
/* End XCConfigurationList section */
	};
	rootObject = 514A0A831ED4311F000A63F8 /* Project object */;
}
